# This file is automatically @generated by Cargo.
# It is not intended for manual editing.
version = 3

[[package]]
name = "actix-codec"
version = "0.5.0"
source = "registry+https://github.com/rust-lang/crates.io-index"
checksum = "57a7559404a7f3573127aab53c08ce37a6c6a315c374a31070f3c91cd1b4a7fe"
dependencies = [
 "bitflags",
 "bytes",
 "futures-core",
 "futures-sink",
 "log",
 "memchr",
 "pin-project-lite",
 "tokio",
 "tokio-util",
]

[[package]]
name = "bincode"
version = "2.0.0-rc.1"
source = "registry+https://github.com/rust-lang/crates.io-index"
checksum = "f609ceb2c41b0d0277314a789ef0e7eb14593d5485f7c67320bed3924ebb1b33"
dependencies = [
 "bincode_derive",
]

[[package]]
name = "bincode_derive"
version = "2.0.0-rc.1"
source = "registry+https://github.com/rust-lang/crates.io-index"
checksum = "913287a8f3e00db4c7ae1b87e9b9b8cebd6b89217eaadfc281fa5c897da35dc3"
dependencies = [
 "virtue",
]

[[package]]
name = "bitflags"
version = "1.3.2"
source = "registry+https://github.com/rust-lang/crates.io-index"
checksum = "bef38d45163c2f1dde094a7dfd33ccf595c92905c8f8f4fdc18d06fb1037718a"

[[package]]
name = "bytes"
version = "1.1.0"
source = "registry+https://github.com/rust-lang/crates.io-index"
checksum = "c4872d67bab6358e59559027aa3b9157c53d9358c51423c17554809a8858e0f8"

[[package]]
name = "cfg-if"
version = "1.0.0"
source = "registry+https://github.com/rust-lang/crates.io-index"
checksum = "baf1de4339761588bc0619e3cbc0120ee582ebb74b53b4efbf79117bd2da40fd"

[[package]]
name = "futures-core"
version = "0.3.21"
source = "registry+https://github.com/rust-lang/crates.io-index"
checksum = "0c09fd04b7e4073ac7156a9539b57a484a8ea920f79c7c675d05d289ab6110d3"

[[package]]
name = "futures-sink"
version = "0.3.21"
source = "registry+https://github.com/rust-lang/crates.io-index"
checksum = "21163e139fa306126e6eedaf49ecdb4588f939600f0b1e770f4205ee4b7fa868"

[[package]]
name = "log"
version = "0.4.14"
source = "registry+https://github.com/rust-lang/crates.io-index"
checksum = "51b9bbe6c47d51fc3e1a9b945965946b4c44142ab8792c50835a980d362c2710"
dependencies = [
 "cfg-if",
]

[[package]]
name = "memchr"
version = "2.4.1"
source = "registry+https://github.com/rust-lang/crates.io-index"
checksum = "308cc39be01b73d0d18f82a0e7b2a3df85245f84af96fdddc5d202d27e47b86a"

[[package]]
name = "mirrord-protocol"
version = "0.1.0"
dependencies = [
 "actix-codec",
 "bincode",
 "bytes",
]

[[package]]
name = "pin-project-lite"
version = "0.2.8"
source = "registry+https://github.com/rust-lang/crates.io-index"
checksum = "e280fbe77cc62c91527259e9442153f4688736748d24660126286329742b4c6c"

[[package]]
name = "tokio"
version = "1.17.0"
source = "registry+https://github.com/rust-lang/crates.io-index"
checksum = "2af73ac49756f3f7c01172e34a23e5d0216f6c32333757c2c61feb2bbff5a5ee"
dependencies = [
 "pin-project-lite",
]

[[package]]
name = "tokio-util"
version = "0.7.0"
source = "registry+https://github.com/rust-lang/crates.io-index"
checksum = "64910e1b9c1901aaf5375561e35b9c057d95ff41a44ede043a03e09279eabaf1"
dependencies = [
 "bytes",
 "futures-core",
 "futures-sink",
 "log",
 "pin-project-lite",
 "tokio",
]

[[package]]
name = "virtue"
version = "0.0.7"
source = "registry+https://github.com/rust-lang/crates.io-index"
checksum = "757cfbfe0d17ee6f22fe97e536d463047d451b47cf9d11e2b7d1398b0ef274dd"
